
Microsoft Visual Studio Solution File, Format Version 12.00
Project("{FAE04EC0-301F-11D3-BF4B-00C04F79EFBC}") = "Duels", "Duels\Duels.csproj", "{2A831990-602F-49E3-A3B5-02B926E4F0CD}"
EndProject
Global
	GlobalSection(SolutionConfigurationPlatforms) = preSolution
		Debug|Any CPU = Debug|Any CPU
		Release|Any CPU = Release|Any CPU
	EndGlobalSection
	GlobalSection(ProjectConfigurationPlatforms) = postSolution
		{2A831990-602F-49E3-A3B5-02B926E4F0CD}.Debug|Any CPU.ActiveCfg = Debug|Any CPU
		{2A831990-602F-49E3-A3B5-02B926E4F0CD}.Debug|Any CPU.Build.0 = Debug|Any CPU
		{2A831990-602F-49E3-A3B5-02B926E4F0CD}.Release|Any CPU.ActiveCfg = Release|Any CPU
		{2A831990-602F-49E3-A3B5-02B926E4F0CD}.Release|Any CPU.Build.0 = Release|Any CPU
	EndGlobalSection
EndGlobal
